<?xml version="1.0" encoding="utf-8"?>
<Project ToolsVersion="4.0" xmlns="http://schemas.microsoft.com/developer/msbuild/2003">
  <ItemGroup>
    <Filter Include="Source Files">
      <UniqueIdentifier>{4FC737F1-C7A5-4376-A066-2A32D752A2FF}</UniqueIdentifier>
      <Extensions>cpp;c;cc;cxx;def;odl;idl;hpj;bat;asm;asmx</Extensions>
    </Filter>
    <Filter Include="Header Files">
      <UniqueIdentifier>{93995380-89BD-4b04-88EB-625FBE52EBFB}</UniqueIdentifier>
      <Extensions>h;hh;hpp;hxx;hm;inl;inc;xsd</Extensions>
    </Filter>
    <Filter Include="Resource Files">
      <UniqueIdentifier>{67DA6AB6-F800-4c08-8B7A-83BB121AAD01}</UniqueIdentifier>
      <Extensions>rc;ico;cur;bmp;dlg;rc2;rct;bin;rgs;gif;jpg;jpeg;jpe;resx;tiff;tif;png;wav;mfcribbon-ms</Extensions>
    </Filter>
    <Filter Include="Header Files\FSEObject">
      <UniqueIdentifier>{c4e4c050-3cbb-49d7-acbc-559738691b89}</UniqueIdentifier>
    </Filter>
    <Filter Include="Header Files\Component">
      <UniqueIdentifier>{106766a6-bf46-4c88-ac75-5315d9972bee}</UniqueIdentifier>
    </Filter>
    <Filter Include="Source Files\FSEObject">
      <UniqueIdentifier>{887ba307-29a5-49f2-a33f-09660649bcb7}</UniqueIdentifier>
    </Filter>
    <Filter Include="Source Files\Component">
      <UniqueIdentifier>{6bf4dd4a-9139-46bc-ac73-aef34e8bc51a}</UniqueIdentifier>
    </Filter>
    <Filter Include="Source Files\LTBL2">
      <UniqueIdentifier>{9809d68c-affa-4854-8501-92078083e6cd}</UniqueIdentifier>
    </Filter>
    <Filter Include="Header Files\LTBL2">
      <UniqueIdentifier>{e8ce4d4f-195e-4db3-a066-2f9b94f484c7}</UniqueIdentifier>
    </Filter>
    <Filter Include="Header Files\LTBL2\src">
      <UniqueIdentifier>{b4787be9-11f6-41a3-bc05-b98fd0d71ec2}</UniqueIdentifier>
    </Filter>
    <Filter Include="Source Files\LTBL2\src">
      <UniqueIdentifier>{6940237c-bb16-49db-9e72-4ef7d57d754e}</UniqueIdentifier>
    </Filter>
    <Filter Include="Source Files\Lights">
      <UniqueIdentifier>{b8765142-0b18-476e-9b87-d4b81ae92247}</UniqueIdentifier>
    </Filter>
    <Filter Include="Header Files\Lights">
      <UniqueIdentifier>{4ccf3936-841b-4008-8df4-fab96bf1d00c}</UniqueIdentifier>
    </Filter>
    <Filter Include="Header Files\Network">
      <UniqueIdentifier>{4f4cac07-bdcc-450f-a7c4-8d775fe09214}</UniqueIdentifier>
    </Filter>
    <Filter Include="Source Files\Network">
      <UniqueIdentifier>{25bd9e02-f88d-48b4-a946-87fffcf121cd}</UniqueIdentifier>
    </Filter>
    <Filter Include="Source Files\imgui-1.49">
      <UniqueIdentifier>{e71693ec-4660-4090-be56-0a71c58e1f7a}</UniqueIdentifier>
    </Filter>
    <Filter Include="Header Files\imgui-1.49">
      <UniqueIdentifier>{3a8e0020-6789-4f90-99f5-d4ffe794d650}</UniqueIdentifier>
    </Filter>
    <Filter Include="Header Files\FSE-ImGui">
      <UniqueIdentifier>{a648e174-fb10-43d2-ad8b-7b6bae8f7ad4}</UniqueIdentifier>
    </Filter>
    <Filter Include="Source Files\FSE-ImGui">
      <UniqueIdentifier>{09bd673f-4e09-4ffd-9d77-84f304fb5f80}</UniqueIdentifier>
    </Filter>
  </ItemGroup>
  <ItemGroup>
    <ClInclude Include="AssetLoader.h">
      <Filter>Header Files</Filter>
    </ClInclude>
    <ClInclude Include="EngineCore.h">
      <Filter>Header Files</Filter>
    </ClInclude>
    <ClInclude Include="Application.h">
      <Filter>Header Files</Filter>
    </ClInclude>
    <ClInclude Include="Input.h">
      <Filter>Header Files</Filter>
    </ClInclude>
    <ClInclude Include="NetworkHandler.h">
      <Filter>Header Files</Filter>
    </ClInclude>
    <ClInclude Include="PhysContactListener.h">
      <Filter>Header Files</Filter>
    </ClInclude>
    <ClInclude Include="PhysDebugDraw.h">
      <Filter>Header Files</Filter>
    </ClInclude>
    <ClInclude Include="Renderer.h">
      <Filter>Header Files</Filter>
    </ClInclude>
    <ClInclude Include="Scene.h">
      <Filter>Header Files</Filter>
    </ClInclude>
    <ClInclude Include="Signals.h">
      <Filter>Header Files</Filter>
    </ClInclude>
    <ClInclude Include="FSEObject\FSEObject.h">
      <Filter>Header Files\FSEObject</Filter>
    </ClInclude>
    <ClInclude Include="FSEObject\Timer.h">
      <Filter>Header Files\FSEObject</Filter>
    </ClInclude>
    <ClInclude Include="Component\SmoothViewController.h">
      <Filter>Header Files\Component</Filter>
    </ClInclude>
    <ClInclude Include="Component\ViewController.h">
      <Filter>Header Files\Component</Filter>
    </ClInclude>
    <ClInclude Include="FSEObject\FPSCounter.h">
      <Filter>Header Files\FSEObject</Filter>
    </ClInclude>
    <ClInclude Include="FSEObject\LoadingScreen.h">
      <Filter>Header Files\FSEObject</Filter>
    </ClInclude>
    <ClInclude Include="..\LTBL2\src\LightSystem.hpp">
      <Filter>Header Files\LTBL2\src</Filter>
    </ClInclude>
    <ClInclude Include="..\LTBL2\src\Utils.hpp">
      <Filter>Header Files\LTBL2\src</Filter>
    </ClInclude>
    <ClInclude Include="..\LTBL2\src\LightDirectionEmission.hpp">
      <Filter>Header Files\LTBL2\src</Filter>
    </ClInclude>
    <ClInclude Include="..\LTBL2\src\LightPointEmission.hpp">
      <Filter>Header Files\LTBL2\src</Filter>
    </ClInclude>
    <ClInclude Include="..\LTBL2\src\LightResources.hpp">
      <Filter>Header Files\LTBL2\src</Filter>
    </ClInclude>
    <ClInclude Include="..\LTBL2\src\LightShape.hpp">
      <Filter>Header Files\LTBL2\src</Filter>
    </ClInclude>
    <ClInclude Include="..\LTBL2\src\Sprite.hpp">
      <Filter>Header Files\LTBL2\src</Filter>
    </ClInclude>
    <ClInclude Include="Lights\FSELightWorld.h">
      <Filter>Header Files\Lights</Filter>
    </ClInclude>
    <ClInclude Include="Lights\PointLight.h">
      <Filter>Header Files\Lights</Filter>
    </ClInclude>
    <ClInclude Include="Lights\SpotLight.h">
      <Filter>Header Files\Lights</Filter>
    </ClInclude>
    <ClInclude Include="Lights\Light.h">
      <Filter>Header Files\Lights</Filter>
    </ClInclude>
    <ClInclude Include="FMath.h">
      <Filter>Header Files</Filter>
    </ClInclude>
    <ClInclude Include="Network\NetworkedObject.h">
      <Filter>Header Files\Network</Filter>
    </ClInclude>
    <ClInclude Include="..\imgui-1.49\imgui-SFML.h">
      <Filter>Header Files\imgui-1.49</Filter>
    </ClInclude>
    <ClInclude Include="..\imgui-1.49\imconfig.h">
      <Filter>Header Files\imgui-1.49</Filter>
    </ClInclude>
    <ClInclude Include="..\imgui-1.49\imgui.h">
      <Filter>Header Files\imgui-1.49</Filter>
    </ClInclude>
    <ClInclude Include="..\imgui-1.49\imgui_internal.h">
      <Filter>Header Files\imgui-1.49</Filter>
    </ClInclude>
    <ClInclude Include="..\imgui-1.49\stb_rect_pack.h">
      <Filter>Header Files\imgui-1.49</Filter>
    </ClInclude>
    <ClInclude Include="..\imgui-1.49\stb_textedit.h">
      <Filter>Header Files\imgui-1.49</Filter>
    </ClInclude>
    <ClInclude Include="..\imgui-1.49\stb_truetype.h">
      <Filter>Header Files\imgui-1.49</Filter>
    </ClInclude>
    <ClInclude Include="FSE-ImGui\imgui-plotvar.h">
      <Filter>Header Files\FSE-ImGui</Filter>
    </ClInclude>
    <ClInclude Include="FSE-ImGui\imgui-colorpicker.h">
      <Filter>Header Files\FSE-ImGui</Filter>
    </ClInclude>
    <ClInclude Include="SceneDebugger.h">
      <Filter>Header Files</Filter>
    </ClInclude>
    <ClInclude Include="Component\Component.h">
      <Filter>Header Files</Filter>
    </ClInclude>
  </ItemGroup>
  <ItemGroup>
    <ClCompile Include="AssetLoader.cpp">
      <Filter>Source Files</Filter>
    </ClCompile>
    <ClCompile Include="EngineCore.cpp">
      <Filter>Source Files</Filter>
    </ClCompile>
    <ClCompile Include="Application.cpp">
      <Filter>Source Files</Filter>
    </ClCompile>
    <ClCompile Include="Input.cpp">
      <Filter>Source Files</Filter>
    </ClCompile>
    <ClCompile Include="NetworkHandler.cpp">
      <Filter>Source Files</Filter>
    </ClCompile>
    <ClCompile Include="PhysContactListener.cpp">
      <Filter>Source Files</Filter>
    </ClCompile>
    <ClCompile Include="PhysDebugDraw.cpp">
      <Filter>Source Files</Filter>
    </ClCompile>
    <ClCompile Include="Renderer.cpp">
      <Filter>Source Files</Filter>
    </ClCompile>
    <ClCompile Include="Scene.cpp">
      <Filter>Source Files</Filter>
    </ClCompile>
    <ClCompile Include="Component\ViewController.cpp">
      <Filter>Source Files\Component</Filter>
    </ClCompile>
    <ClCompile Include="Component\SmoothViewController.cpp">
      <Filter>Source Files\Component</Filter>
    </ClCompile>
    <ClCompile Include="FSEObject\FSEObject.cpp">
      <Filter>Source Files\FSEObject</Filter>
    </ClCompile>
    <ClCompile Include="FSEObject\Timer.cpp">
      <Filter>Source Files\FSEObject</Filter>
    </ClCompile>
    <ClCompile Include="FSEObject\FPSCounter.cpp">
      <Filter>Source Files\FSEObject</Filter>
    </ClCompile>
    <ClCompile Include="FSEObject\LoadingScreen.cpp">
      <Filter>Source Files\FSEObject</Filter>
    </ClCompile>
    <ClCompile Include="..\LTBL2\src\LightDirectionEmission.cpp">
      <Filter>Source Files\LTBL2\src</Filter>
    </ClCompile>
    <ClCompile Include="..\LTBL2\src\LightPointEmission.cpp">
      <Filter>Source Files\LTBL2\src</Filter>
    </ClCompile>
    <ClCompile Include="..\LTBL2\src\LightShape.cpp">
      <Filter>Source Files\LTBL2\src</Filter>
    </ClCompile>
    <ClCompile Include="..\LTBL2\src\LightSystem.cpp">
      <Filter>Source Files\LTBL2\src</Filter>
    </ClCompile>
    <ClCompile Include="..\LTBL2\src\Sprite.cpp">
      <Filter>Source Files\LTBL2\src</Filter>
    </ClCompile>
    <ClCompile Include="Lights\FSELightWorld.cpp">
      <Filter>Source Files\Lights</Filter>
    </ClCompile>
    <ClCompile Include="Lights\PointLight.cpp">
      <Filter>Source Files\Lights</Filter>
    </ClCompile>
    <ClCompile Include="Lights\SpotLight.cpp">
      <Filter>Source Files\Lights</Filter>
    </ClCompile>
    <ClCompile Include="Lights\Light.cpp">
      <Filter>Source Files\Lights</Filter>
    </ClCompile>
    <ClCompile Include="Network\NetworkedObject.cpp">
      <Filter>Source Files\Network</Filter>
    </ClCompile>
    <ClCompile Include="..\imgui-1.49\imgui.cpp">
      <Filter>Source Files\imgui-1.49</Filter>
    </ClCompile>
    <ClCompile Include="..\imgui-1.49\imgui_demo.cpp">
      <Filter>Source Files\imgui-1.49</Filter>
    </ClCompile>
    <ClCompile Include="..\imgui-1.49\imgui_draw.cpp">
      <Filter>Source Files\imgui-1.49</Filter>
    </ClCompile>
    <ClCompile Include="..\imgui-1.49\imgui-SFML.cpp">
      <Filter>Source Files\imgui-1.49</Filter>
    </ClCompile>
    <ClCompile Include="FSE-ImGui\imgui-plotvar.cpp">
      <Filter>Source Files\FSE-ImGui</Filter>
    </ClCompile>
    <ClCompile Include="FSE-ImGui\imgui-colorpicker.cpp">
      <Filter>Source Files\FSE-ImGui</Filter>
    </ClCompile>
    <ClCompile Include="SceneDebugger.cpp">
      <Filter>Source Files</Filter>
    </ClCompile>
    <ClCompile Include="Component\Component.cpp">
      <Filter>Source Files</Filter>
    </ClCompile>
  </ItemGroup>
</Project>