<?xml version="1.0" encoding="utf-8"?>
<Project ToolsVersion="4.0" xmlns="http://schemas.microsoft.com/developer/msbuild/2003">
  <ItemGroup>
    <Filter Include="Source Files">
      <UniqueIdentifier>{4FC737F1-C7A5-4376-A066-2A32D752A2FF}</UniqueIdentifier>
      <Extensions>cpp;c;cc;cxx;def;odl;idl;hpj;bat;asm;asmx</Extensions>
    </Filter>
    <Filter Include="Header Files">
      <UniqueIdentifier>{93995380-89BD-4b04-88EB-625FBE52EBFB}</UniqueIdentifier>
      <Extensions>h;hh;hpp;hxx;hm;inl;inc;xsd</Extensions>
    </Filter>
    <Filter Include="Resource Files">
      <UniqueIdentifier>{67DA6AB6-F800-4c08-8B7A-83BB121AAD01}</UniqueIdentifier>
      <Extensions>rc;ico;cur;bmp;dlg;rc2;rct;bin;rgs;gif;jpg;jpeg;jpe;resx;tiff;tif;png;wav;mfcribbon-ms</Extensions>
    </Filter>
    <Filter Include="Header Files\FSEObject">
      <UniqueIdentifier>{c4e4c050-3cbb-49d7-acbc-559738691b89}</UniqueIdentifier>
    </Filter>
    <Filter Include="Header Files\Component">
      <UniqueIdentifier>{106766a6-bf46-4c88-ac75-5315d9972bee}</UniqueIdentifier>
    </Filter>
    <Filter Include="Source Files\FSEObject">
      <UniqueIdentifier>{887ba307-29a5-49f2-a33f-09660649bcb7}</UniqueIdentifier>
    </Filter>
    <Filter Include="Source Files\Component">
      <UniqueIdentifier>{6bf4dd4a-9139-46bc-ac73-aef34e8bc51a}</UniqueIdentifier>
    </Filter>
    <Filter Include="Source Files\LTBL2">
      <UniqueIdentifier>{9809d68c-affa-4854-8501-92078083e6cd}</UniqueIdentifier>
    </Filter>
    <Filter Include="Header Files\LTBL2">
      <UniqueIdentifier>{e8ce4d4f-195e-4db3-a066-2f9b94f484c7}</UniqueIdentifier>
    </Filter>
    <Filter Include="Header Files\LTBL2\src">
      <UniqueIdentifier>{b4787be9-11f6-41a3-bc05-b98fd0d71ec2}</UniqueIdentifier>
    </Filter>
    <Filter Include="Source Files\LTBL2\src">
      <UniqueIdentifier>{6940237c-bb16-49db-9e72-4ef7d57d754e}</UniqueIdentifier>
    </Filter>
    <Filter Include="Source Files\Lights">
      <UniqueIdentifier>{b8765142-0b18-476e-9b87-d4b81ae92247}</UniqueIdentifier>
    </Filter>
    <Filter Include="Header Files\Lights">
      <UniqueIdentifier>{4ccf3936-841b-4008-8df4-fab96bf1d00c}</UniqueIdentifier>
    </Filter>
    <Filter Include="Header Files\Network">
      <UniqueIdentifier>{4f4cac07-bdcc-450f-a7c4-8d775fe09214}</UniqueIdentifier>
    </Filter>
    <Filter Include="Source Files\Network">
      <UniqueIdentifier>{25bd9e02-f88d-48b4-a946-87fffcf121cd}</UniqueIdentifier>
    </Filter>
    <Filter Include="Header Files\FSE-ImGui">
      <UniqueIdentifier>{a648e174-fb10-43d2-ad8b-7b6bae8f7ad4}</UniqueIdentifier>
    </Filter>
    <Filter Include="Source Files\FSE-ImGui">
      <UniqueIdentifier>{09bd673f-4e09-4ffd-9d77-84f304fb5f80}</UniqueIdentifier>
    </Filter>
    <Filter Include="Header Files\imgui">
      <UniqueIdentifier>{86c1c668-303b-4ece-bd34-86f4477b559d}</UniqueIdentifier>
    </Filter>
    <Filter Include="Header Files\imgui-sfml">
      <UniqueIdentifier>{9fd4b5b6-22f7-420c-913a-086b513391e5}</UniqueIdentifier>
    </Filter>
    <Filter Include="Source Files\imgui">
      <UniqueIdentifier>{45245ea7-d4c8-4f7d-b4d5-b148dc0ebf29}</UniqueIdentifier>
    </Filter>
    <Filter Include="Source Files\imgui-sfml">
      <UniqueIdentifier>{49508a73-ca10-44d0-86b5-ff8540c12a4e}</UniqueIdentifier>
    </Filter>
    <Filter Include="Source Files\poly2tri">
      <UniqueIdentifier>{4a71832f-e063-4a5e-8545-effe56a8a40e}</UniqueIdentifier>
    </Filter>
    <Filter Include="Header Files\poly2tri">
      <UniqueIdentifier>{59a90832-2cba-445e-984c-15820c5fd4b9}</UniqueIdentifier>
    </Filter>
    <Filter Include="Header Files\poly2tri\sweep">
      <UniqueIdentifier>{65a1a43b-4349-43ac-b819-f6830b8d3080}</UniqueIdentifier>
    </Filter>
    <Filter Include="Header Files\poly2tri\common">
      <UniqueIdentifier>{3848fac8-8118-4209-bc32-a0aa1e8ad788}</UniqueIdentifier>
    </Filter>
    <Filter Include="Source Files\poly2tri\common">
      <UniqueIdentifier>{d8ac3638-3469-49ea-b2fa-229db8be7e5e}</UniqueIdentifier>
    </Filter>
    <Filter Include="Source Files\poly2tri\sweep">
      <UniqueIdentifier>{f7de128e-c884-4c19-b2e2-0e48e98771fd}</UniqueIdentifier>
    </Filter>
    <Filter Include="Header Files\imgui-sfml-config">
      <UniqueIdentifier>{4f9190db-89f7-4c31-84f3-2ab5241a466c}</UniqueIdentifier>
    </Filter>
    <Filter Include="Header Files\liquidfun_contrib">
      <UniqueIdentifier>{f72c25de-849e-4ef4-95be-37e0ac214366}</UniqueIdentifier>
    </Filter>
    <Filter Include="Header Files\liquidfun_contrib\ConvexDecomposition">
      <UniqueIdentifier>{c8443ec0-974b-4e02-8440-b72b9934f12d}</UniqueIdentifier>
    </Filter>
    <Filter Include="Source Files\liquidfun_contrib">
      <UniqueIdentifier>{c23f208f-e46d-4ba7-bca9-6f56fa1e76d7}</UniqueIdentifier>
    </Filter>
    <Filter Include="Source Files\liquidfun_contrib\ConvexDecomposition">
      <UniqueIdentifier>{a5e5ad13-c5ef-4e1f-b289-7d5b011c1ef6}</UniqueIdentifier>
    </Filter>
    <Filter Include="Source Files\V8Debug">
      <UniqueIdentifier>{ffffe245-1a5c-443e-be6d-0ce897b99366}</UniqueIdentifier>
    </Filter>
    <Filter Include="Header Files\V8Debug">
      <UniqueIdentifier>{3e7e3f02-5ff7-4a6a-a6f4-a8b640b9af6f}</UniqueIdentifier>
    </Filter>
    <Filter Include="Header Files\extv8bind">
      <UniqueIdentifier>{448b44ee-5928-4145-b444-05b432b9069a}</UniqueIdentifier>
    </Filter>
  </ItemGroup>
  <ItemGroup>
    <ClInclude Include="AssetLoader.h">
      <Filter>Header Files</Filter>
    </ClInclude>
    <ClInclude Include="EngineCore.h">
      <Filter>Header Files</Filter>
    </ClInclude>
    <ClInclude Include="Application.h">
      <Filter>Header Files</Filter>
    </ClInclude>
    <ClInclude Include="Input.h">
      <Filter>Header Files</Filter>
    </ClInclude>
    <ClInclude Include="NetworkHandler.h">
      <Filter>Header Files</Filter>
    </ClInclude>
    <ClInclude Include="PhysContactListener.h">
      <Filter>Header Files</Filter>
    </ClInclude>
    <ClInclude Include="PhysDebugDraw.h">
      <Filter>Header Files</Filter>
    </ClInclude>
    <ClInclude Include="Renderer.h">
      <Filter>Header Files</Filter>
    </ClInclude>
    <ClInclude Include="Scene.h">
      <Filter>Header Files</Filter>
    </ClInclude>
    <ClInclude Include="Signals.h">
      <Filter>Header Files</Filter>
    </ClInclude>
    <ClInclude Include="FSEObject\FSEObject.h">
      <Filter>Header Files\FSEObject</Filter>
    </ClInclude>
    <ClInclude Include="FSEObject\Timer.h">
      <Filter>Header Files\FSEObject</Filter>
    </ClInclude>
    <ClInclude Include="Component\SmoothViewController.h">
      <Filter>Header Files\Component</Filter>
    </ClInclude>
    <ClInclude Include="Component\ViewController.h">
      <Filter>Header Files\Component</Filter>
    </ClInclude>
    <ClInclude Include="FSEObject\FPSCounter.h">
      <Filter>Header Files\FSEObject</Filter>
    </ClInclude>
    <ClInclude Include="FSEObject\LoadingScreen.h">
      <Filter>Header Files\FSEObject</Filter>
    </ClInclude>
    <ClInclude Include="..\LTBL2\src\LightSystem.hpp">
      <Filter>Header Files\LTBL2\src</Filter>
    </ClInclude>
    <ClInclude Include="..\LTBL2\src\Utils.hpp">
      <Filter>Header Files\LTBL2\src</Filter>
    </ClInclude>
    <ClInclude Include="..\LTBL2\src\LightDirectionEmission.hpp">
      <Filter>Header Files\LTBL2\src</Filter>
    </ClInclude>
    <ClInclude Include="..\LTBL2\src\LightPointEmission.hpp">
      <Filter>Header Files\LTBL2\src</Filter>
    </ClInclude>
    <ClInclude Include="..\LTBL2\src\LightResources.hpp">
      <Filter>Header Files\LTBL2\src</Filter>
    </ClInclude>
    <ClInclude Include="..\LTBL2\src\LightShape.hpp">
      <Filter>Header Files\LTBL2\src</Filter>
    </ClInclude>
    <ClInclude Include="..\LTBL2\src\Sprite.hpp">
      <Filter>Header Files\LTBL2\src</Filter>
    </ClInclude>
    <ClInclude Include="Lights\FSELightWorld.h">
      <Filter>Header Files\Lights</Filter>
    </ClInclude>
    <ClInclude Include="Lights\PointLight.h">
      <Filter>Header Files\Lights</Filter>
    </ClInclude>
    <ClInclude Include="Lights\SpotLight.h">
      <Filter>Header Files\Lights</Filter>
    </ClInclude>
    <ClInclude Include="Lights\Light.h">
      <Filter>Header Files\Lights</Filter>
    </ClInclude>
    <ClInclude Include="FMath.h">
      <Filter>Header Files</Filter>
    </ClInclude>
    <ClInclude Include="Network\NetworkedObject.h">
      <Filter>Header Files\Network</Filter>
    </ClInclude>
    <ClInclude Include="FSE-ImGui\imgui-plotvar.h">
      <Filter>Header Files\FSE-ImGui</Filter>
    </ClInclude>
    <ClInclude Include="SceneDebugger.h">
      <Filter>Header Files</Filter>
    </ClInclude>
    <ClInclude Include="Component\Component.h">
      <Filter>Header Files\Component</Filter>
    </ClInclude>
    <ClInclude Include="FSEObject\KillVolume.h">
      <Filter>Header Files\FSEObject</Filter>
    </ClInclude>
    <ClInclude Include="Serialize.h">
      <Filter>Header Files</Filter>
    </ClInclude>
    <ClInclude Include="ImageOutlineFinder.h">
      <Filter>Header Files</Filter>
    </ClInclude>
    <ClInclude Include="..\imgui\imgui.h">
      <Filter>Header Files\imgui</Filter>
    </ClInclude>
    <ClInclude Include="..\imgui\imgui_internal.h">
      <Filter>Header Files\imgui</Filter>
    </ClInclude>
    <ClInclude Include="..\imgui\stb_rect_pack.h">
      <Filter>Header Files\imgui</Filter>
    </ClInclude>
    <ClInclude Include="..\imgui\stb_textedit.h">
      <Filter>Header Files\imgui</Filter>
    </ClInclude>
    <ClInclude Include="..\imgui\stb_truetype.h">
      <Filter>Header Files\imgui</Filter>
    </ClInclude>
    <ClInclude Include="..\imgui-sfml\imgui-SFML.h">
      <Filter>Header Files\imgui-sfml</Filter>
    </ClInclude>
    <ClInclude Include="..\poly2tri\poly2tri\poly2tri.h">
      <Filter>Header Files\poly2tri</Filter>
    </ClInclude>
    <ClInclude Include="..\poly2tri\poly2tri\sweep\advancing_front.h">
      <Filter>Header Files\poly2tri\sweep</Filter>
    </ClInclude>
    <ClInclude Include="..\poly2tri\poly2tri\sweep\cdt.h">
      <Filter>Header Files\poly2tri\sweep</Filter>
    </ClInclude>
    <ClInclude Include="..\poly2tri\poly2tri\sweep\sweep.h">
      <Filter>Header Files\poly2tri\sweep</Filter>
    </ClInclude>
    <ClInclude Include="..\poly2tri\poly2tri\sweep\sweep_context.h">
      <Filter>Header Files\poly2tri\sweep</Filter>
    </ClInclude>
    <ClInclude Include="..\poly2tri\poly2tri\common\shapes.h">
      <Filter>Header Files\poly2tri\common</Filter>
    </ClInclude>
    <ClInclude Include="..\poly2tri\poly2tri\common\utils.h">
      <Filter>Header Files\poly2tri\common</Filter>
    </ClInclude>
    <ClInclude Include="..\imgui-sfml-config\imconfig.h">
      <Filter>Header Files\imgui-sfml-config</Filter>
    </ClInclude>
    <ClInclude Include="Random.h">
      <Filter>Header Files</Filter>
    </ClInclude>
    <ClInclude Include="..\liquidfun_contrib\ConvexDecomposition\b2Polygon.h">
      <Filter>Header Files\liquidfun_contrib\ConvexDecomposition</Filter>
    </ClInclude>
    <ClInclude Include="..\liquidfun_contrib\ConvexDecomposition\b2Triangle.h">
      <Filter>Header Files\liquidfun_contrib\ConvexDecomposition</Filter>
    </ClInclude>
    <ClInclude Include="FSEObject\TileMap.h">
      <Filter>Header Files\FSEObject</Filter>
    </ClInclude>
    <ClInclude Include="imgui-colorText.h">
      <Filter>Header Files\FSE-ImGui</Filter>
    </ClInclude>
    <ClInclude Include="FSEObject\JSConsole.h">
      <Filter>Header Files\FSEObject</Filter>
    </ClInclude>
    <ClInclude Include="FSEV8Lib.h">
      <Filter>Header Files</Filter>
    </ClInclude>
    <ClInclude Include="v8ppconverters.h">
      <Filter>Header Files</Filter>
    </ClInclude>
    <ClInclude Include="V8Debug\v8Inspector.h">
      <Filter>Header Files\V8Debug</Filter>
    </ClInclude>
    <ClInclude Include="V8Debug\v8InspectorChannel.h">
      <Filter>Header Files\V8Debug</Filter>
    </ClInclude>
    <ClInclude Include="V8Debug\v8DebugUtils.h">
      <Filter>Header Files</Filter>
    </ClInclude>
    <ClInclude Include="extv8bind\liquidfunbind.h">
      <Filter>Header Files\extv8bind</Filter>
    </ClInclude>
    <ClInclude Include="V8Debug\v8InspectorClient.h">
      <Filter>Header Files\V8Debug</Filter>
    </ClInclude>
    <ClInclude Include="V8Debug\WebSocketServer.h">
      <Filter>Header Files\V8Debug</Filter>
    </ClInclude>
    <ClInclude Include="extv8bind\liquidfunconvert.h">
      <Filter>Header Files\extv8bind</Filter>
    </ClInclude>
    <ClInclude Include="extv8bind\sfmlbind.h">
      <Filter>Header Files\extv8bind</Filter>
    </ClInclude>
    <ClInclude Include="extv8bind\sfmlconvert.h">
      <Filter>Header Files\extv8bind</Filter>
    </ClInclude>
    <ClInclude Include="Component\ScriptComponent.h">
      <Filter>Header Files\Component</Filter>
    </ClInclude>
    <ClInclude Include="FSEObject\ScriptObject.h">
      <Filter>Header Files\FSEObject</Filter>
    </ClInclude>
    <ClInclude Include="UUID.h">
      <Filter>Header Files</Filter>
    </ClInclude>
  </ItemGroup>
  <ItemGroup>
    <ClCompile Include="AssetLoader.cpp">
      <Filter>Source Files</Filter>
    </ClCompile>
    <ClCompile Include="EngineCore.cpp">
      <Filter>Source Files</Filter>
    </ClCompile>
    <ClCompile Include="Application.cpp">
      <Filter>Source Files</Filter>
    </ClCompile>
    <ClCompile Include="Input.cpp">
      <Filter>Source Files</Filter>
    </ClCompile>
    <ClCompile Include="NetworkHandler.cpp">
      <Filter>Source Files</Filter>
    </ClCompile>
    <ClCompile Include="PhysContactListener.cpp">
      <Filter>Source Files</Filter>
    </ClCompile>
    <ClCompile Include="PhysDebugDraw.cpp">
      <Filter>Source Files</Filter>
    </ClCompile>
    <ClCompile Include="Renderer.cpp">
      <Filter>Source Files</Filter>
    </ClCompile>
    <ClCompile Include="Scene.cpp">
      <Filter>Source Files</Filter>
    </ClCompile>
    <ClCompile Include="Component\ViewController.cpp">
      <Filter>Source Files\Component</Filter>
    </ClCompile>
    <ClCompile Include="Component\SmoothViewController.cpp">
      <Filter>Source Files\Component</Filter>
    </ClCompile>
    <ClCompile Include="FSEObject\FSEObject.cpp">
      <Filter>Source Files\FSEObject</Filter>
    </ClCompile>
    <ClCompile Include="FSEObject\Timer.cpp">
      <Filter>Source Files\FSEObject</Filter>
    </ClCompile>
    <ClCompile Include="FSEObject\FPSCounter.cpp">
      <Filter>Source Files\FSEObject</Filter>
    </ClCompile>
    <ClCompile Include="FSEObject\LoadingScreen.cpp">
      <Filter>Source Files\FSEObject</Filter>
    </ClCompile>
    <ClCompile Include="..\LTBL2\src\LightDirectionEmission.cpp">
      <Filter>Source Files\LTBL2\src</Filter>
    </ClCompile>
    <ClCompile Include="..\LTBL2\src\LightPointEmission.cpp">
      <Filter>Source Files\LTBL2\src</Filter>
    </ClCompile>
    <ClCompile Include="..\LTBL2\src\LightShape.cpp">
      <Filter>Source Files\LTBL2\src</Filter>
    </ClCompile>
    <ClCompile Include="..\LTBL2\src\LightSystem.cpp">
      <Filter>Source Files\LTBL2\src</Filter>
    </ClCompile>
    <ClCompile Include="..\LTBL2\src\Sprite.cpp">
      <Filter>Source Files\LTBL2\src</Filter>
    </ClCompile>
    <ClCompile Include="Lights\FSELightWorld.cpp">
      <Filter>Source Files\Lights</Filter>
    </ClCompile>
    <ClCompile Include="Lights\PointLight.cpp">
      <Filter>Source Files\Lights</Filter>
    </ClCompile>
    <ClCompile Include="Lights\SpotLight.cpp">
      <Filter>Source Files\Lights</Filter>
    </ClCompile>
    <ClCompile Include="Lights\Light.cpp">
      <Filter>Source Files\Lights</Filter>
    </ClCompile>
    <ClCompile Include="Network\NetworkedObject.cpp">
      <Filter>Source Files\Network</Filter>
    </ClCompile>
    <ClCompile Include="FSE-ImGui\imgui-plotvar.cpp">
      <Filter>Source Files\FSE-ImGui</Filter>
    </ClCompile>
    <ClCompile Include="SceneDebugger.cpp">
      <Filter>Source Files</Filter>
    </ClCompile>
    <ClCompile Include="Component\Component.cpp">
      <Filter>Source Files\Component</Filter>
    </ClCompile>
    <ClCompile Include="FSEObject\KillVolume.cpp">
      <Filter>Source Files\FSEObject</Filter>
    </ClCompile>
    <ClCompile Include="Serialize.cpp">
      <Filter>Source Files</Filter>
    </ClCompile>
    <ClCompile Include="ImageOutlineFinder.cpp">
      <Filter>Source Files</Filter>
    </ClCompile>
    <ClCompile Include="..\imgui\imgui.cpp">
      <Filter>Source Files\imgui</Filter>
    </ClCompile>
    <ClCompile Include="..\imgui\imgui_draw.cpp">
      <Filter>Source Files\imgui</Filter>
    </ClCompile>
    <ClCompile Include="..\imgui-sfml\imgui-SFML.cpp">
      <Filter>Source Files\imgui-sfml</Filter>
    </ClCompile>
    <ClCompile Include="..\poly2tri\poly2tri\common\shapes.cc">
      <Filter>Source Files\poly2tri\common</Filter>
    </ClCompile>
    <ClCompile Include="..\poly2tri\poly2tri\sweep\advancing_front.cc">
      <Filter>Source Files\poly2tri\sweep</Filter>
    </ClCompile>
    <ClCompile Include="..\poly2tri\poly2tri\sweep\cdt.cc">
      <Filter>Source Files\poly2tri\sweep</Filter>
    </ClCompile>
    <ClCompile Include="..\poly2tri\poly2tri\sweep\sweep.cc">
      <Filter>Source Files\poly2tri\sweep</Filter>
    </ClCompile>
    <ClCompile Include="..\poly2tri\poly2tri\sweep\sweep_context.cc">
      <Filter>Source Files\poly2tri\sweep</Filter>
    </ClCompile>
    <ClCompile Include="..\imgui\imgui_demo.cpp">
      <Filter>Source Files\imgui</Filter>
    </ClCompile>
    <ClCompile Include="Random.cpp">
      <Filter>Source Files</Filter>
    </ClCompile>
    <ClCompile Include="..\liquidfun_contrib\ConvexDecomposition\b2Triangle.cpp">
      <Filter>Source Files\liquidfun_contrib\ConvexDecomposition</Filter>
    </ClCompile>
    <ClCompile Include="..\liquidfun_contrib\ConvexDecomposition\b2Polygon.cpp">
      <Filter>Source Files\liquidfun_contrib\ConvexDecomposition</Filter>
    </ClCompile>
    <ClCompile Include="..\imgui\imgui_widgets.cpp">
      <Filter>Source Files\imgui</Filter>
    </ClCompile>
    <ClCompile Include="FSEObject\TileMap.cpp">
      <Filter>Source Files\FSEObject</Filter>
    </ClCompile>
    <ClCompile Include="FSEObject\JSConsole.cpp">
      <Filter>Source Files\FSEObject</Filter>
    </ClCompile>
    <ClCompile Include="FSEV8Lib.cpp">
      <Filter>Source Files</Filter>
    </ClCompile>
    <ClCompile Include="V8Debug\v8Inspector.cpp">
      <Filter>Source Files\V8Debug</Filter>
    </ClCompile>
    <ClCompile Include="V8Debug\v8InspectorChannel.cpp">
      <Filter>Source Files\V8Debug</Filter>
    </ClCompile>
    <ClCompile Include="V8Debug\WebSocketServer.cpp">
      <Filter>Source Files\V8Debug</Filter>
    </ClCompile>
    <ClCompile Include="V8Debug\v8InspectorClient.cpp">
      <Filter>Source Files\V8Debug</Filter>
    </ClCompile>
    <ClCompile Include="Component\ScriptComponent.cpp">
      <Filter>Source Files\Component</Filter>
    </ClCompile>
    <ClCompile Include="FSEObject\ScriptObject.cpp">
      <Filter>Source Files\FSEObject</Filter>
    </ClCompile>
  </ItemGroup>
</Project>